Microsoft Visual Studio Solution File, Format Version 12.00
# Visual Studio Version 17
VisualStudioVersion = 17.8.0.0
MinimumVisualStudioVersion = 17.8.0.0
Project("{9A19103F-16F7-4668-BE54-9A1E7A4F7556}") = "Agora.AppHost", "Agora.AppHost\Agora.AppHost.csproj", "{CB85FDF5-AA40-4CEE-AC0E-844D15E6DE67}"
EndProject
Project("{9A19103F-16F7-4668-BE54-9A1E7A4F7556}") = "Agora.ServiceDefaults", "Agora.ServiceDefaults\Agora.ServiceDefaults.csproj", "{1A850474-1734-4887-B878-4A710A9C1061}"
EndProject
Project("{FAE04EC0-301F-11D3-BF4B-00C04F79EFBC}") = "Agora.Simulator", "Agora.Simulator\Agora.Simulator.csproj", "{E427EE8C-91A9-4416-B9A9-B80444A151F1}"
EndProject
Global
	GlobalSection(SolutionConfigurationPlatforms) = preSolution
		Debug|Any CPU = Debug|Any CPU
		Release|Any CPU = Release|Any CPU
	EndGlobalSection
	GlobalSection(ProjectConfigurationPlatforms) = postSolution
		{CB85FDF5-AA40-4CEE-AC0E-844D15E6DE67}.Debug|Any CPU.ActiveCfg = Debug|Any CPU
		{CB85FDF5-AA40-4CEE-AC0E-844D15E6DE67}.Debug|Any CPU.Build.0 = Debug|Any CPU
		{CB85FDF5-AA40-4CEE-AC0E-844D15E6DE67}.Release|Any CPU.ActiveCfg = Release|Any CPU
		{CB85FDF5-AA40-4CEE-AC0E-844D15E6DE67}.Release|Any CPU.Build.0 = Release|Any CPU
		{1A850474-1734-4887-B878-4A710A9C1061}.Debug|Any CPU.ActiveCfg = Debug|Any CPU
		{1A850474-1734-4887-B878-4A710A9C1061}.Debug|Any CPU.Build.0 = Debug|Any CPU
		{1A850474-1734-4887-B878-4A710A9C1061}.Release|Any CPU.ActiveCfg = Release|Any CPU
		{1A850474-1734-4887-B878-4A710A9C1061}.Release|Any CPU.Build.0 = Release|Any CPU
		{E427EE8C-91A9-4416-B9A9-B80444A151F1}.Debug|Any CPU.ActiveCfg = Debug|Any CPU
		{E427EE8C-91A9-4416-B9A9-B80444A151F1}.Debug|Any CPU.Build.0 = Debug|Any CPU
		{E427EE8C-91A9-4416-B9A9-B80444A151F1}.Release|Any CPU.ActiveCfg = Release|Any CPU
		{E427EE8C-91A9-4416-B9A9-B80444A151F1}.Release|Any CPU.Build.0 = Release|Any CPU
	EndGlobalSection
	GlobalSection(SolutionProperties) = preSolution
		HideSolutionNode = FALSE
	EndGlobalSection
	GlobalSection(ExtensibilityGlobals) = postSolution
		SolutionGuid = {509CB698-0328-4956-BAF1-E66E0036C04B}
	EndGlobalSection
EndGlobal
